
Microsoft Visual Studio Solution File, Format Version 12.00
# Visual Studio Version 17
VisualStudioVersion = 17.4.33205.214
MinimumVisualStudioVersion = 10.0.40219.1
Project("{9A19103F-16F7-4668-BE54-9A1E7A4F7556}") = "MathGame", "FirstProject\MathGame.csproj", "{FF21508B-CAB2-460F-B828-FAFD654703F3}"
EndProject
Global
	GlobalSection(SolutionConfigurationPlatforms) = preSolution
		Debug|Any CPU = Debug|Any CPU
		Release|Any CPU = Release|Any CPU
	EndGlobalSection
	GlobalSection(ProjectConfigurationPlatforms) = postSolution
		{FF21508B-CAB2-460F-B828-FAFD654703F3}.Debug|Any CPU.ActiveCfg = Debug|Any CPU
		{FF21508B-CAB2-460F-B828-FAFD654703F3}.Debug|Any CPU.Build.0 = Debug|Any CPU
		{FF21508B-CAB2-460F-B828-FAFD654703F3}.Release|Any CPU.ActiveCfg = Release|Any CPU
		{FF21508B-CAB2-460F-B828-FAFD654703F3}.Release|Any CPU.Build.0 = Release|Any CPU
	EndGlobalSection
	GlobalSection(SolutionProperties) = preSolution
		HideSolutionNode = FALSE
	EndGlobalSection
	GlobalSection(ExtensibilityGlobals) = postSolution
		SolutionGuid = {DE4F0F72-5A29-44BA-9510-A73151EBF12B}
	EndGlobalSection
EndGlobal
